
Microsoft Visual Studio Solution File, Format Version 12.00
# Visual Studio Version 17
VisualStudioVersion = 17.2.32526.322
MinimumVisualStudioVersion = 10.0.40219.1
Project("{FAE04EC0-301F-11D3-BF4B-00C04F79EFBC}") = "LAB3", "LAB3\LAB3.csproj", "{B3BAD401-6913-4016-A81E-19670904C965}"
EndProject
Global
	GlobalSection(SolutionConfigurationPlatforms) = preSolution
		Debug|Any CPU = Debug|Any CPU
		Release|Any CPU = Release|Any CPU
	EndGlobalSection
	GlobalSection(ProjectConfigurationPlatforms) = postSolution
		{B3BAD401-6913-4016-A81E-19670904C965}.Debug|Any CPU.ActiveCfg = Debug|Any CPU
		{B3BAD401-6913-4016-A81E-19670904C965}.Debug|Any CPU.Build.0 = Debug|Any CPU
		{B3BAD401-6913-4016-A81E-19670904C965}.Release|Any CPU.ActiveCfg = Release|Any CPU
		{B3BAD401-6913-4016-A81E-19670904C965}.Release|Any CPU.Build.0 = Release|Any CPU
	EndGlobalSection
	GlobalSection(SolutionProperties) = preSolution
		HideSolutionNode = FALSE
	EndGlobalSection
	GlobalSection(ExtensibilityGlobals) = postSolution
		SolutionGuid = {6CB0A3E8-13ED-4117-AF86-FD3F89698D4C}
	EndGlobalSection
EndGlobal
